
Microsoft Visual Studio Solution File, Format Version 12.00
# Visual Studio Version 17
VisualStudioVersion = 17.7.34024.191
MinimumVisualStudioVersion = 10.0.40219.1
Project("{8BC9CEB8-8B4A-11D0-8D11-00A0C91BC942}") = "LB_8.1.string", "LB_8.1.string\LB_8.1.string.vcxproj", "{DF68F219-23BF-4A5F-8A0F-3EE7FBA2FB4D}"
EndProject
Project("{8BC9CEB8-8B4A-11D0-8D11-00A0C91BC942}") = "UnitTest1", "UnitTest1\UnitTest1.vcxproj", "{3AEDDFAC-F4DB-442D-AA96-2E5F7A2DE3B2}"
EndProject
Global
	GlobalSection(SolutionConfigurationPlatforms) = preSolution
		Debug|x64 = Debug|x64
		Debug|x86 = Debug|x86
		Release|x64 = Release|x64
		Release|x86 = Release|x86
	EndGlobalSection
	GlobalSection(ProjectConfigurationPlatforms) = postSolution
		{DF68F219-23BF-4A5F-8A0F-3EE7FBA2FB4D}.Debug|x64.ActiveCfg = Debug|x64
		{DF68F219-23BF-4A5F-8A0F-3EE7FBA2FB4D}.Debug|x64.Build.0 = Debug|x64
		{DF68F219-23BF-4A5F-8A0F-3EE7FBA2FB4D}.Debug|x86.ActiveCfg = Debug|Win32
		{DF68F219-23BF-4A5F-8A0F-3EE7FBA2FB4D}.Debug|x86.Build.0 = Debug|Win32
		{DF68F219-23BF-4A5F-8A0F-3EE7FBA2FB4D}.Release|x64.ActiveCfg = Release|x64
		{DF68F219-23BF-4A5F-8A0F-3EE7FBA2FB4D}.Release|x64.Build.0 = Release|x64
		{DF68F219-23BF-4A5F-8A0F-3EE7FBA2FB4D}.Release|x86.ActiveCfg = Release|Win32
		{DF68F219-23BF-4A5F-8A0F-3EE7FBA2FB4D}.Release|x86.Build.0 = Release|Win32
		{3AEDDFAC-F4DB-442D-AA96-2E5F7A2DE3B2}.Debug|x64.ActiveCfg = Debug|x64
		{3AEDDFAC-F4DB-442D-AA96-2E5F7A2DE3B2}.Debug|x64.Build.0 = Debug|x64
		{3AEDDFAC-F4DB-442D-AA96-2E5F7A2DE3B2}.Debug|x86.ActiveCfg = Debug|Win32
		{3AEDDFAC-F4DB-442D-AA96-2E5F7A2DE3B2}.Debug|x86.Build.0 = Debug|Win32
		{3AEDDFAC-F4DB-442D-AA96-2E5F7A2DE3B2}.Release|x64.ActiveCfg = Release|x64
		{3AEDDFAC-F4DB-442D-AA96-2E5F7A2DE3B2}.Release|x64.Build.0 = Release|x64
		{3AEDDFAC-F4DB-442D-AA96-2E5F7A2DE3B2}.Release|x86.ActiveCfg = Release|Win32
		{3AEDDFAC-F4DB-442D-AA96-2E5F7A2DE3B2}.Release|x86.Build.0 = Release|Win32
	EndGlobalSection
	GlobalSection(SolutionProperties) = preSolution
		HideSolutionNode = FALSE
	EndGlobalSection
	GlobalSection(ExtensibilityGlobals) = postSolution
		SolutionGuid = {BDF79EE7-150E-40DA-99E5-015BAF478CB7}
	EndGlobalSection
EndGlobal
